lockfileVersion: '9.0'

settings:
  autoInstallPeers: true
  excludeLinksFromLockfile: false

importers:

  .: {}

  adapters/agent-hosts/codex: {}

  adapters/model-engines/command-process: {}

  adapters/model-engines/fake: {}

  adapters/model-engines/openai-compatible: {}

  apps/cli: {}

  apps/dashboard: {}

  packages/adapter-sdk: {}

  packages/compiler: {}

  packages/control-plane: {}

  packages/orgspec: {}

  packages/runtime: {}
